
Microsoft Visual Studio Solution File, Format Version 12.00
# Visual Studio Version 16
VisualStudioVersion = 16.0.29318.209
MinimumVisualStudioVersion = 10.0.40219.1
Project("{9A19103F-16F7-4668-BE54-9A1E7A4F7556}") = "MultiplicationTable", "MultiplicationTable\MultiplicationTable.csproj", "{C15AE6C8-6C82-474D-8FAD-89E023B26359}"
EndProject
Global
	GlobalSection(SolutionConfigurationPlatforms) = preSolution
		Debug|Any CPU = Debug|Any CPU
		Release|Any CPU = Release|Any CPU
	EndGlobalSection
	GlobalSection(ProjectConfigurationPlatforms) = postSolution
		{C15AE6C8-6C82-474D-8FAD-89E023B26359}.Debug|Any CPU.ActiveCfg = Debug|Any CPU
		{C15AE6C8-6C82-474D-8FAD-89E023B26359}.Debug|Any CPU.Build.0 = Debug|Any CPU
		{C15AE6C8-6C82-474D-8FAD-89E023B26359}.Release|Any CPU.ActiveCfg = Release|Any CPU
		{C15AE6C8-6C82-474D-8FAD-89E023B26359}.Release|Any CPU.Build.0 = Release|Any CPU
	EndGlobalSection
	GlobalSection(SolutionProperties) = preSolution
		HideSolutionNode = FALSE
	EndGlobalSection
	GlobalSection(ExtensibilityGlobals) = postSolution
		SolutionGuid = {8CF510B4-A1A0-44DB-9ACC-D5E188C34FF5}
	EndGlobalSection
EndGlobal
