
Microsoft Visual Studio Solution File, Format Version 12.00
# Visual Studio Version 16
VisualStudioVersion = 16.0.29318.209
MinimumVisualStudioVersion = 10.0.40219.1
Project("{FAE04EC0-301F-11D3-BF4B-00C04F79EFBC}") = "SumInts", "SumInts\SumInts.csproj", "{28636056-EBCB-4163-A22A-8784977381D3}"
EndProject
Global
	GlobalSection(SolutionConfigurationPlatforms) = preSolution
		Debug|Any CPU = Debug|Any CPU
		Release|Any CPU = Release|Any CPU
	EndGlobalSection
	GlobalSection(ProjectConfigurationPlatforms) = postSolution
		{28636056-EBCB-4163-A22A-8784977381D3}.Debug|Any CPU.ActiveCfg = Debug|Any CPU
		{28636056-EBCB-4163-A22A-8784977381D3}.Debug|Any CPU.Build.0 = Debug|Any CPU
		{28636056-EBCB-4163-A22A-8784977381D3}.Release|Any CPU.ActiveCfg = Release|Any CPU
		{28636056-EBCB-4163-A22A-8784977381D3}.Release|Any CPU.Build.0 = Release|Any CPU
	EndGlobalSection
	GlobalSection(SolutionProperties) = preSolution
		HideSolutionNode = FALSE
	EndGlobalSection
	GlobalSection(ExtensibilityGlobals) = postSolution
		SolutionGuid = {D148442C-5B51-4D2A-9352-C14603F9AC56}
	EndGlobalSection
EndGlobal
