
Microsoft Visual Studio Solution File, Format Version 12.00
# Visual Studio Version 16
VisualStudioVersion = 16.0.29318.209
MinimumVisualStudioVersion = 10.0.40219.1
Project("{FAE04EC0-301F-11D3-BF4B-00C04F79EFBC}") = "HomeSales", "HomeSales\HomeSales.csproj", "{C8514701-CFA5-4B83-A6C7-D7AA7E2D094E}"
EndProject
Global
	GlobalSection(SolutionConfigurationPlatforms) = preSolution
		Debug|Any CPU = Debug|Any CPU
		Release|Any CPU = Release|Any CPU
	EndGlobalSection
	GlobalSection(ProjectConfigurationPlatforms) = postSolution
		{C8514701-CFA5-4B83-A6C7-D7AA7E2D094E}.Debug|Any CPU.ActiveCfg = Debug|Any CPU
		{C8514701-CFA5-4B83-A6C7-D7AA7E2D094E}.Debug|Any CPU.Build.0 = Debug|Any CPU
		{C8514701-CFA5-4B83-A6C7-D7AA7E2D094E}.Release|Any CPU.ActiveCfg = Release|Any CPU
		{C8514701-CFA5-4B83-A6C7-D7AA7E2D094E}.Release|Any CPU.Build.0 = Release|Any CPU
	EndGlobalSection
	GlobalSection(SolutionProperties) = preSolution
		HideSolutionNode = FALSE
	EndGlobalSection
	GlobalSection(ExtensibilityGlobals) = postSolution
		SolutionGuid = {227CCA4A-010B-4D1F-942D-42E3F4550422}
	EndGlobalSection
EndGlobal
